
Microsoft Visual Studio Solution File, Format Version 12.00
# Visual Studio Version 17
VisualStudioVersion = 17.7.34024.191
MinimumVisualStudioVersion = 10.0.40219.1
Project("{FAE04EC0-301F-11D3-BF4B-00C04F79EFBC}") = "Canvas", "Canvas\Canvas.csproj", "{203F9E6F-9C70-4E62-929A-EBB0FBD5071C}"
EndProject
Global
	GlobalSection(SolutionConfigurationPlatforms) = preSolution
		Debug|Any CPU = Debug|Any CPU
		Release|Any CPU = Release|Any CPU
	EndGlobalSection
	GlobalSection(ProjectConfigurationPlatforms) = postSolution
		{203F9E6F-9C70-4E62-929A-EBB0FBD5071C}.Debug|Any CPU.ActiveCfg = Debug|Any CPU
		{203F9E6F-9C70-4E62-929A-EBB0FBD5071C}.Debug|Any CPU.Build.0 = Debug|Any CPU
		{203F9E6F-9C70-4E62-929A-EBB0FBD5071C}.Release|Any CPU.ActiveCfg = Release|Any CPU
		{203F9E6F-9C70-4E62-929A-EBB0FBD5071C}.Release|Any CPU.Build.0 = Release|Any CPU
	EndGlobalSection
	GlobalSection(SolutionProperties) = preSolution
		HideSolutionNode = FALSE
	EndGlobalSection
	GlobalSection(ExtensibilityGlobals) = postSolution
		SolutionGuid = {A4DFAF60-22B2-4B78-8DED-DCA80FDFE813}
	EndGlobalSection
EndGlobal
